
Microsoft Visual Studio Solution File, Format Version 12.00
# Visual Studio Version 17
VisualStudioVersion = 17.6.33815.320
MinimumVisualStudioVersion = 10.0.40219.1
Project("{FAE04EC0-301F-11D3-BF4B-00C04F79EFBC}") = "SertifikaSinavi1", "SertifikaSinavi1\SertifikaSinavi1.csproj", "{2DE4C488-5DAF-4BFC-BD50-46CE42771BD3}"
EndProject
Global
	GlobalSection(SolutionConfigurationPlatforms) = preSolution
		Debug|Any CPU = Debug|Any CPU
		Release|Any CPU = Release|Any CPU
	EndGlobalSection
	GlobalSection(ProjectConfigurationPlatforms) = postSolution
		{2DE4C488-5DAF-4BFC-BD50-46CE42771BD3}.Debug|Any CPU.ActiveCfg = Debug|Any CPU
		{2DE4C488-5DAF-4BFC-BD50-46CE42771BD3}.Debug|Any CPU.Build.0 = Debug|Any CPU
		{2DE4C488-5DAF-4BFC-BD50-46CE42771BD3}.Release|Any CPU.ActiveCfg = Release|Any CPU
		{2DE4C488-5DAF-4BFC-BD50-46CE42771BD3}.Release|Any CPU.Build.0 = Release|Any CPU
	EndGlobalSection
	GlobalSection(SolutionProperties) = preSolution
		HideSolutionNode = FALSE
	EndGlobalSection
	GlobalSection(ExtensibilityGlobals) = postSolution
		SolutionGuid = {4C8472BF-2521-4EA4-A7CB-E304F1CF3A2F}
	EndGlobalSection
EndGlobal
